<?xml version="1.0" encoding="UTF-8"?>
<Scheme
   LastUpgradeVersion = "1540"
   version = "1.7">
   <BuildAction
      parallelizeBuildables = "YES"
      buildImplicitDependencies = "YES"
      buildArchitectures = "Automatic">
      <BuildActionEntries>
         <BuildActionEntry
            buildForTesting = "YES"
            buildForRunning = "YES"
            buildForProfiling = "YES"
            buildForArchiving = "YES"
            buildForAnalyzing = "YES">
            <BuildableReference
               BuildableIdentifier = "primary"
               BlueprintIdentifier = "96A9AE382C7F56CD009380FE"
               BuildableName = "ShareContactAppClip-dev.app"
               BlueprintName = "ShareContactAppClip-dev"
               ReferencedContainer = "container:azzapp.xcodeproj">
            </BuildableReference>
         </BuildActionEntry>
      </BuildActionEntries>
   </BuildAction>
   <TestAction
      buildConfiguration = "Debug"
      selectedDebuggerIdentifier = "Xcode.DebuggerFoundation.Debugger.LLDB"
      selectedLauncherIdentifier = "Xcode.DebuggerFoundation.Launcher.LLDB"
      shouldUseLaunchSchemeArgsEnv = "YES"
      shouldAutocreateTestPlan = "YES">
   </TestAction>
   <LaunchAction
      buildConfiguration = "Debug"
      selectedDebuggerIdentifier = "Xcode.DebuggerFoundation.Debugger.LLDB"
      selectedLauncherIdentifier = "Xcode.DebuggerFoundation.Launcher.LLDB"
      launchStyle = "0"
      useCustomWorkingDirectory = "NO"
      ignoresPersistentStateOnLaunch = "NO"
      debugDocumentVersioning = "YES"
      debugServiceExtension = "internal"
      allowLocationSimulation = "YES">
      <BuildableProductRunnable
         runnableDebuggingMode = "0">
         <BuildableReference
            BuildableIdentifier = "primary"
            BlueprintIdentifier = "96A9AE382C7F56CD009380FE"
            BuildableName = "ShareContactAppClip-dev.app"
            BlueprintName = "ShareContactAppClip-dev"
            ReferencedContainer = "container:azzapp.xcodeproj">
         </BuildableReference>
      </BuildableProductRunnable>
      <EnvironmentVariables>
         <EnvironmentVariable
            key = "BASE_URL"
            value = "https://dev.azzapp.com/"
            isEnabled = "YES">
         </EnvironmentVariable>
         <EnvironmentVariable
            key = "_XCAppClipURL"
            value = "https://appclip.apple.com/?p=com.azzapp.app.Clip-dev&amp;u=dddeaz&amp;c=NoIgOiwRCWDGBbAXgEwI4CYCscAcAXAD2hABoSBzATiwGsBnKlABgCMMAWDk88EAERQoeJAKooAhvgCmwvrwgAVafXwACOAHsECAA4SAdgE8RfHsCh8AEtummIAagDMTgGwB2Kh47MsTkgC6AaQWJDYIdvIk9NKsAHQoAK6sADYwBgACFAgSMClxWgiBwcDBJBjMzO4AtMwc1QCMroHQAE5gBmQgWA0ACu4IAMJWhBgA7ikAmpMMmgCiAGIA0gDySwCSDZMAigD6AGb4Y4cSrShWDa26FADi6wDqALJkAN4gKZpwUjCanQBcbxS33wiRQ0hAfw4TjiWCwrlwDSc7lwricWHcLlI71+FBgILBEKwcScVBoGDRTWRHCoDQAvliJEJWip6BC3nA8UYISAAIIwQjVaQGaq9VqaABuQrg4KxWkSBnwrS5fxAC1ahmlXWZuN+3NFEql0mqPJSuhU1UGABeZGoUAByHlIRKtLr0ZLan7-EAAIU0iTgAAtzUlqgAlAOWgzg2m0gJAA"
            isEnabled = "NO">
         </EnvironmentVariable>
         <EnvironmentVariable
            key = "_XCAppClipURL"
            value = "https://appclip.apple.com/?p=com.azzapp.app.Clip-dev&amp;u=dddeaz&amp;c=NoIgOiwRCWDGBbAXgEwI4CYCscAcAXAD2hABoSBzATiwGsBnKlABgCMMAWDk88EAERQoeJAKooAhvgCmwvrwgAVafXwACOAHsECAA4SAdgE8RfHsCh8AEtummIAagDMTgGwB2Kh47MsTkgC6pJYQNgh28iTOTlROzLg+VLgYgcEkYREQCiDRzEnMGDEJgUEW6bb2IPTSrAB0KACurAA2MAYAAhQIEjDNtVoIJcFBJBjMzO4AtMwckwCMroHQAE5gBmQgALIASkYAFgCS9ACCzPgYAMIAGjAA7mgAYgjMAFLNAG4AMntzFwD6nwACqxJgBpQoAcQAchD3AAzACKcLQF2OIACQA"
            isEnabled = "NO">
         </EnvironmentVariable>
         <EnvironmentVariable
            key = "_XCAppClipURL"
            value = "http://shared.azzapp.com/dddeaz?k=NoIg7gpg5gzgNgCwKwwEwE8AeAjEAaEAOwEcAWALwDcBDQgRQHUAXAaQEkwAzASwBEBXAPYBjAFKoAWhKQBmdACt+ARgASdJADYVTQgAVKATQC2MSlAC8+QvzhwAukA"
            isEnabled = "NO">
         </EnvironmentVariable>
         <EnvironmentVariable
            key = "_XCAppClipURL"
            value = "https://shared.azzapp.com/dddeaz?k=NoIgzgFgXgxg7gOwE5QMwBMBsB7EAaEAdQDUAJMANwFsBRAMQAcqAzAZQC1MBBeAGwBEkxAJYAXdABkwATwCaAWQDCASQAeAelkSA1FwBGADQBKUefIC8+YABZUAOgCsDzAA4AjKmcBOVC68eHPAc7VC8vBzcAJi8XB39MAHYHFwIuYVUAWgBTBAyABSRsChyYLPwQACFsAFcYCCywDPRqjKMIABeEMoICopKsjK5eBgaMxXbRLIACdAByLihqpHK6JABDBFKQAF1toA"
            isEnabled = "NO">
         </EnvironmentVariable>
      </EnvironmentVariables>
   </LaunchAction>
   <ProfileAction
      buildConfiguration = "Release"
      shouldUseLaunchSchemeArgsEnv = "YES"
      savedToolIdentifier = ""
      useCustomWorkingDirectory = "NO"
      debugDocumentVersioning = "YES">
      <BuildableProductRunnable
         runnableDebuggingMode = "0">
         <BuildableReference
            BuildableIdentifier = "primary"
            BlueprintIdentifier = "96A9AE382C7F56CD009380FE"
            BuildableName = "ShareContactAppClip-dev.app"
            BlueprintName = "ShareContactAppClip-dev"
            ReferencedContainer = "container:azzapp.xcodeproj">
         </BuildableReference>
      </BuildableProductRunnable>
   </ProfileAction>
   <AnalyzeAction
      buildConfiguration = "Debug">
   </AnalyzeAction>
   <ArchiveAction
      buildConfiguration = "Release"
      revealArchiveInOrganizer = "YES">
   </ArchiveAction>
</Scheme>
